
Microsoft Visual Studio Solution File, Format Version 12.00
# Visual Studio Version 16
VisualStudioVersion = 16.0.29230.47
MinimumVisualStudioVersion = 10.0.40219.1
Project("{FAE04EC0-301F-11D3-BF4B-00C04F79EFBC}") = "BLUESPAWN-server", "BLUESPAWN-server\BLUESPAWN-server.csproj", "{C964698A-1857-4628-A95B-B053E40E09B6}"
EndProject
Global
	GlobalSection(SolutionConfigurationPlatforms) = preSolution
		Debug|Any CPU = Debug|Any CPU
		Release|Any CPU = Release|Any CPU
	EndGlobalSection
	GlobalSection(ProjectConfigurationPlatforms) = postSolution
		{C964698A-1857-4628-A95B-B053E40E09B6}.Debug|Any CPU.ActiveCfg = Debug|Any CPU
		{C964698A-1857-4628-A95B-B053E40E09B6}.Debug|Any CPU.Build.0 = Debug|Any CPU
		{C964698A-1857-4628-A95B-B053E40E09B6}.Release|Any CPU.ActiveCfg = Release|Any CPU
		{C964698A-1857-4628-A95B-B053E40E09B6}.Release|Any CPU.Build.0 = Release|Any CPU
	EndGlobalSection
	GlobalSection(SolutionProperties) = preSolution
		HideSolutionNode = FALSE
	EndGlobalSection
	GlobalSection(ExtensibilityGlobals) = postSolution
		SolutionGuid = {CAB9AF27-48F5-4540-967D-5B87524573CE}
	EndGlobalSection
EndGlobal
