
Microsoft Visual Studio Solution File, Format Version 12.00
# Visual Studio Version 16
VisualStudioVersion = 16.0.28922.388
MinimumVisualStudioVersion = 10.0.40219.1
Project("{8BC9CEB8-8B4A-11D0-8D11-00A0C91BC942}") = "CommonLib", "BLUESPAWN-common\CommonLib.vcxproj", "{25AE1D80-3E17-4E1D-BFB4-8AFB375EBAF1}"
EndProject
Project("{8BC9CEB8-8B4A-11D0-8D11-00A0C91BC942}") = "BLUESPAWN-client", "BLUESPAWN-client\BLUESPAWN-client.vcxproj", "{159B2E72-9553-4E17-9BEC-CB92FCA8D0B0}"
EndProject
Project("{8BC9CEB8-8B4A-11D0-8D11-00A0C91BC942}") = "pe-sieve", "PESieve\pe-sieve.vcxproj", "{BEC01F8E-5892-3F6F-A741-5BBD1D0F4EF9}"
EndProject
Project("{8BC9CEB8-8B4A-11D0-8D11-00A0C91BC942}") = "ZERO_CHECK", "PESieve\ZERO_CHECK.vcxproj", "{24088C44-179B-3139-980C-CA84E7DCB013}"
EndProject
Project("{8BC9CEB8-8B4A-11D0-8D11-00A0C91BC942}") = "libpeconv", "PESieve\libpeconv\libpeconv\libpeconv.vcxproj", "{C9D09618-1DE6-3323-AED8-9B885AC8D9F3}"
EndProject
Global
	GlobalSection(SolutionConfigurationPlatforms) = preSolution
		Debug|x64 = Debug|x64
		Debug|x86 = Debug|x86
		MinSizeRel|x64 = MinSizeRel|x64
		MinSizeRel|x86 = MinSizeRel|x86
		Release|x64 = Release|x64
		Release|x86 = Release|x86
		RelWithDebInfo|x64 = RelWithDebInfo|x64
		RelWithDebInfo|x86 = RelWithDebInfo|x86
	EndGlobalSection
	GlobalSection(ProjectConfigurationPlatforms) = postSolution
		{25AE1D80-3E17-4E1D-BFB4-8AFB375EBAF1}.Debug|x64.ActiveCfg = Debug|x64
		{25AE1D80-3E17-4E1D-BFB4-8AFB375EBAF1}.Debug|x64.Build.0 = Debug|x64
		{25AE1D80-3E17-4E1D-BFB4-8AFB375EBAF1}.Debug|x86.ActiveCfg = Debug|Win32
		{25AE1D80-3E17-4E1D-BFB4-8AFB375EBAF1}.Debug|x86.Build.0 = Debug|Win32
		{25AE1D80-3E17-4E1D-BFB4-8AFB375EBAF1}.MinSizeRel|x64.ActiveCfg = Release|x64
		{25AE1D80-3E17-4E1D-BFB4-8AFB375EBAF1}.MinSizeRel|x64.Build.0 = Release|x64
		{25AE1D80-3E17-4E1D-BFB4-8AFB375EBAF1}.MinSizeRel|x86.ActiveCfg = Release|Win32
		{25AE1D80-3E17-4E1D-BFB4-8AFB375EBAF1}.MinSizeRel|x86.Build.0 = Release|Win32
		{25AE1D80-3E17-4E1D-BFB4-8AFB375EBAF1}.Release|x64.ActiveCfg = Release|x64
		{25AE1D80-3E17-4E1D-BFB4-8AFB375EBAF1}.Release|x64.Build.0 = Release|x64
		{25AE1D80-3E17-4E1D-BFB4-8AFB375EBAF1}.Release|x86.ActiveCfg = Release|Win32
		{25AE1D80-3E17-4E1D-BFB4-8AFB375EBAF1}.Release|x86.Build.0 = Release|Win32
		{25AE1D80-3E17-4E1D-BFB4-8AFB375EBAF1}.RelWithDebInfo|x64.ActiveCfg = Release|x64
		{25AE1D80-3E17-4E1D-BFB4-8AFB375EBAF1}.RelWithDebInfo|x64.Build.0 = Release|x64
		{25AE1D80-3E17-4E1D-BFB4-8AFB375EBAF1}.RelWithDebInfo|x86.ActiveCfg = Release|Win32
		{25AE1D80-3E17-4E1D-BFB4-8AFB375EBAF1}.RelWithDebInfo|x86.Build.0 = Release|Win32
		{159B2E72-9553-4E17-9BEC-CB92FCA8D0B0}.Debug|x64.ActiveCfg = Debug|x64
		{159B2E72-9553-4E17-9BEC-CB92FCA8D0B0}.Debug|x64.Build.0 = Debug|x64
		{159B2E72-9553-4E17-9BEC-CB92FCA8D0B0}.Debug|x86.ActiveCfg = Debug|Win32
		{159B2E72-9553-4E17-9BEC-CB92FCA8D0B0}.Debug|x86.Build.0 = Debug|Win32
		{159B2E72-9553-4E17-9BEC-CB92FCA8D0B0}.MinSizeRel|x64.ActiveCfg = Release|x64
		{159B2E72-9553-4E17-9BEC-CB92FCA8D0B0}.MinSizeRel|x64.Build.0 = Release|x64
		{159B2E72-9553-4E17-9BEC-CB92FCA8D0B0}.MinSizeRel|x86.ActiveCfg = Release|Win32
		{159B2E72-9553-4E17-9BEC-CB92FCA8D0B0}.MinSizeRel|x86.Build.0 = Release|Win32
		{159B2E72-9553-4E17-9BEC-CB92FCA8D0B0}.Release|x64.ActiveCfg = Release|x64
		{159B2E72-9553-4E17-9BEC-CB92FCA8D0B0}.Release|x64.Build.0 = Release|x64
		{159B2E72-9553-4E17-9BEC-CB92FCA8D0B0}.Release|x86.ActiveCfg = Release|Win32
		{159B2E72-9553-4E17-9BEC-CB92FCA8D0B0}.Release|x86.Build.0 = Release|Win32
		{159B2E72-9553-4E17-9BEC-CB92FCA8D0B0}.RelWithDebInfo|x64.ActiveCfg = Release|x64
		{159B2E72-9553-4E17-9BEC-CB92FCA8D0B0}.RelWithDebInfo|x64.Build.0 = Release|x64
		{159B2E72-9553-4E17-9BEC-CB92FCA8D0B0}.RelWithDebInfo|x86.ActiveCfg = Release|Win32
		{159B2E72-9553-4E17-9BEC-CB92FCA8D0B0}.RelWithDebInfo|x86.Build.0 = Release|Win32
		{BEC01F8E-5892-3F6F-A741-5BBD1D0F4EF9}.Debug|x64.ActiveCfg = Debug|x64
		{BEC01F8E-5892-3F6F-A741-5BBD1D0F4EF9}.Debug|x64.Build.0 = Debug|x64
		{BEC01F8E-5892-3F6F-A741-5BBD1D0F4EF9}.Debug|x86.ActiveCfg = Debug|x64
		{BEC01F8E-5892-3F6F-A741-5BBD1D0F4EF9}.MinSizeRel|x64.ActiveCfg = MinSizeRel|x64
		{BEC01F8E-5892-3F6F-A741-5BBD1D0F4EF9}.MinSizeRel|x64.Build.0 = MinSizeRel|x64
		{BEC01F8E-5892-3F6F-A741-5BBD1D0F4EF9}.MinSizeRel|x86.ActiveCfg = MinSizeRel|x64
		{BEC01F8E-5892-3F6F-A741-5BBD1D0F4EF9}.Release|x64.ActiveCfg = Release|x64
		{BEC01F8E-5892-3F6F-A741-5BBD1D0F4EF9}.Release|x64.Build.0 = Release|x64
		{BEC01F8E-5892-3F6F-A741-5BBD1D0F4EF9}.Release|x86.ActiveCfg = Release|x64
		{BEC01F8E-5892-3F6F-A741-5BBD1D0F4EF9}.RelWithDebInfo|x64.ActiveCfg = RelWithDebInfo|x64
		{BEC01F8E-5892-3F6F-A741-5BBD1D0F4EF9}.RelWithDebInfo|x64.Build.0 = RelWithDebInfo|x64
		{BEC01F8E-5892-3F6F-A741-5BBD1D0F4EF9}.RelWithDebInfo|x86.ActiveCfg = RelWithDebInfo|x64
		{24088C44-179B-3139-980C-CA84E7DCB013}.Debug|x64.ActiveCfg = Debug|x64
		{24088C44-179B-3139-980C-CA84E7DCB013}.Debug|x64.Build.0 = Debug|x64
		{24088C44-179B-3139-980C-CA84E7DCB013}.Debug|x86.ActiveCfg = Debug|x64
		{24088C44-179B-3139-980C-CA84E7DCB013}.MinSizeRel|x64.ActiveCfg = MinSizeRel|x64
		{24088C44-179B-3139-980C-CA84E7DCB013}.MinSizeRel|x64.Build.0 = MinSizeRel|x64
		{24088C44-179B-3139-980C-CA84E7DCB013}.MinSizeRel|x86.ActiveCfg = MinSizeRel|x64
		{24088C44-179B-3139-980C-CA84E7DCB013}.Release|x64.ActiveCfg = Release|x64
		{24088C44-179B-3139-980C-CA84E7DCB013}.Release|x64.Build.0 = Release|x64
		{24088C44-179B-3139-980C-CA84E7DCB013}.Release|x86.ActiveCfg = Release|x64
		{24088C44-179B-3139-980C-CA84E7DCB013}.RelWithDebInfo|x64.ActiveCfg = RelWithDebInfo|x64
		{24088C44-179B-3139-980C-CA84E7DCB013}.RelWithDebInfo|x64.Build.0 = RelWithDebInfo|x64
		{24088C44-179B-3139-980C-CA84E7DCB013}.RelWithDebInfo|x86.ActiveCfg = RelWithDebInfo|x64
		{C9D09618-1DE6-3323-AED8-9B885AC8D9F3}.Debug|x64.ActiveCfg = Debug|x64
		{C9D09618-1DE6-3323-AED8-9B885AC8D9F3}.Debug|x64.Build.0 = Debug|x64
		{C9D09618-1DE6-3323-AED8-9B885AC8D9F3}.Debug|x86.ActiveCfg = Debug|x64
		{C9D09618-1DE6-3323-AED8-9B885AC8D9F3}.MinSizeRel|x64.ActiveCfg = MinSizeRel|x64
		{C9D09618-1DE6-3323-AED8-9B885AC8D9F3}.MinSizeRel|x64.Build.0 = MinSizeRel|x64
		{C9D09618-1DE6-3323-AED8-9B885AC8D9F3}.MinSizeRel|x86.ActiveCfg = MinSizeRel|x64
		{C9D09618-1DE6-3323-AED8-9B885AC8D9F3}.Release|x64.ActiveCfg = Release|x64
		{C9D09618-1DE6-3323-AED8-9B885AC8D9F3}.Release|x64.Build.0 = Release|x64
		{C9D09618-1DE6-3323-AED8-9B885AC8D9F3}.Release|x86.ActiveCfg = Release|x64
		{C9D09618-1DE6-3323-AED8-9B885AC8D9F3}.RelWithDebInfo|x64.ActiveCfg = RelWithDebInfo|x64
		{C9D09618-1DE6-3323-AED8-9B885AC8D9F3}.RelWithDebInfo|x64.Build.0 = RelWithDebInfo|x64
		{C9D09618-1DE6-3323-AED8-9B885AC8D9F3}.RelWithDebInfo|x86.ActiveCfg = RelWithDebInfo|x64
	EndGlobalSection
	GlobalSection(SolutionProperties) = preSolution
		HideSolutionNode = FALSE
	EndGlobalSection
	GlobalSection(ExtensibilityGlobals) = postSolution
		SolutionGuid = {4A517F1F-F52C-42AC-BD95-A9D96484CB3A}
	EndGlobalSection
EndGlobal
