
Microsoft Visual Studio Solution File, Format Version 12.00
# Visual Studio Version 16
VisualStudioVersion = 16.0.28922.388
MinimumVisualStudioVersion = 10.0.40219.1
Project("{8BC9CEB8-8B4A-11D0-8D11-00A0C91BC942}") = "BLUESPAWN-win-client", "BLUESPAWN-win-client\BLUESPAWN-client.vcxproj", "{159B2E72-9553-4E17-9BEC-CB92FCA8D0B0}"
	ProjectSection(ProjectDependencies) = postProject
		{7C72350B-AA5B-41AD-8957-CE3924A7F11B} = {7C72350B-AA5B-41AD-8957-CE3924A7F11B}
	EndProjectSection
EndProject
Project("{8BC9CEB8-8B4A-11D0-8D11-00A0C91BC942}") = "pe-sieve", "BLUESPAWN-win-client\pe-sieve.vcxproj", "{BEC01F8E-5892-3F6F-A741-5BBD1D0F4EF9}"
EndProject
Project("{8BC9CEB8-8B4A-11D0-8D11-00A0C91BC942}") = "libpeconv", "BLUESPAWN-win-client\libpeconv.vcxproj", "{C9D09618-1DE6-3323-AED8-9B885AC8D9F3}"
EndProject
Project("{8BC9CEB8-8B4A-11D0-8D11-00A0C91BC942}") = "yarac", "BLUESPAWN-win-client\yarac.vcxproj", "{7C72350B-AA5B-41AD-8957-CE3924A7F11B}"
EndProject
Global
	GlobalSection(SolutionConfigurationPlatforms) = preSolution
		Debug|x64 = Debug|x64
		Debug|x86 = Debug|x86
		Release|x64 = Release|x64
		Release|x86 = Release|x86
	EndGlobalSection
	GlobalSection(ProjectConfigurationPlatforms) = postSolution
		{159B2E72-9553-4E17-9BEC-CB92FCA8D0B0}.Debug|x64.ActiveCfg = Debug|x64
		{159B2E72-9553-4E17-9BEC-CB92FCA8D0B0}.Debug|x64.Build.0 = Debug|x64
		{159B2E72-9553-4E17-9BEC-CB92FCA8D0B0}.Debug|x86.ActiveCfg = Debug|Win32
		{159B2E72-9553-4E17-9BEC-CB92FCA8D0B0}.Debug|x86.Build.0 = Debug|Win32
		{159B2E72-9553-4E17-9BEC-CB92FCA8D0B0}.Release|x64.ActiveCfg = Release|x64
		{159B2E72-9553-4E17-9BEC-CB92FCA8D0B0}.Release|x64.Build.0 = Release|x64
		{159B2E72-9553-4E17-9BEC-CB92FCA8D0B0}.Release|x86.ActiveCfg = Release|Win32
		{159B2E72-9553-4E17-9BEC-CB92FCA8D0B0}.Release|x86.Build.0 = Release|Win32
		{BEC01F8E-5892-3F6F-A741-5BBD1D0F4EF9}.Debug|x64.ActiveCfg = Debug|x64
		{BEC01F8E-5892-3F6F-A741-5BBD1D0F4EF9}.Debug|x64.Build.0 = Debug|x64
		{BEC01F8E-5892-3F6F-A741-5BBD1D0F4EF9}.Debug|x86.ActiveCfg = Debug|Win32
		{BEC01F8E-5892-3F6F-A741-5BBD1D0F4EF9}.Debug|x86.Build.0 = Debug|Win32
		{BEC01F8E-5892-3F6F-A741-5BBD1D0F4EF9}.Release|x64.ActiveCfg = Release|x64
		{BEC01F8E-5892-3F6F-A741-5BBD1D0F4EF9}.Release|x64.Build.0 = Release|x64
		{BEC01F8E-5892-3F6F-A741-5BBD1D0F4EF9}.Release|x86.ActiveCfg = Release|Win32
		{BEC01F8E-5892-3F6F-A741-5BBD1D0F4EF9}.Release|x86.Build.0 = Release|Win32
		{C9D09618-1DE6-3323-AED8-9B885AC8D9F3}.Debug|x64.ActiveCfg = Debug|x64
		{C9D09618-1DE6-3323-AED8-9B885AC8D9F3}.Debug|x64.Build.0 = Debug|x64
		{C9D09618-1DE6-3323-AED8-9B885AC8D9F3}.Debug|x86.ActiveCfg = Debug|Win32
		{C9D09618-1DE6-3323-AED8-9B885AC8D9F3}.Debug|x86.Build.0 = Debug|Win32
		{C9D09618-1DE6-3323-AED8-9B885AC8D9F3}.Release|x64.ActiveCfg = Release|x64
		{C9D09618-1DE6-3323-AED8-9B885AC8D9F3}.Release|x64.Build.0 = Release|x64
		{C9D09618-1DE6-3323-AED8-9B885AC8D9F3}.Release|x86.ActiveCfg = Release|Win32
		{C9D09618-1DE6-3323-AED8-9B885AC8D9F3}.Release|x86.Build.0 = Release|Win32
		{7C72350B-AA5B-41AD-8957-CE3924A7F11B}.Debug|x64.ActiveCfg = Debug|x64
		{7C72350B-AA5B-41AD-8957-CE3924A7F11B}.Debug|x64.Build.0 = Debug|x64
		{7C72350B-AA5B-41AD-8957-CE3924A7F11B}.Debug|x86.ActiveCfg = Debug|Win32
		{7C72350B-AA5B-41AD-8957-CE3924A7F11B}.Debug|x86.Build.0 = Debug|Win32
		{7C72350B-AA5B-41AD-8957-CE3924A7F11B}.Release|x64.ActiveCfg = Release|x64
		{7C72350B-AA5B-41AD-8957-CE3924A7F11B}.Release|x64.Build.0 = Release|x64
		{7C72350B-AA5B-41AD-8957-CE3924A7F11B}.Release|x86.ActiveCfg = Release|Win32
		{7C72350B-AA5B-41AD-8957-CE3924A7F11B}.Release|x86.Build.0 = Release|Win32
	EndGlobalSection
	GlobalSection(SolutionProperties) = preSolution
		HideSolutionNode = FALSE
	EndGlobalSection
	GlobalSection(ExtensibilityGlobals) = postSolution
		SolutionGuid = {4A517F1F-F52C-42AC-BD95-A9D96484CB3A}
	EndGlobalSection
EndGlobal
