
Microsoft Visual Studio Solution File, Format Version 12.00
# Visual Studio Version 16
VisualStudioVersion = 16.0.28922.388
MinimumVisualStudioVersion = 10.0.40219.1
Project("{8BC9CEB8-8B4A-11D0-8D11-00A0C91BC942}") = "BLUESPAWN", "BLUESPAWN\BLUESPAWN.vcxproj", "{3F2806C6-D5E6-482E-8891-8AFE2BB4CDEF}"
EndProject
Project("{8BC9CEB8-8B4A-11D0-8D11-00A0C91BC942}") = "Configuration", "Hunt\Configuration\Configuration.vcxproj", "{73D597B4-7735-4C99-BD34-1F01633E43DA}"
EndProject
Project("{8BC9CEB8-8B4A-11D0-8D11-00A0C91BC942}") = "FileSystem", "Hunt\FileSystem\FileSystem.vcxproj", "{F9B5B626-EDD8-4371-BA1D-FFDE3B41A1CC}"
EndProject
Project("{8BC9CEB8-8B4A-11D0-8D11-00A0C91BC942}") = "Hunts", "Hunt\Hunts\Hunts.vcxproj", "{49D0B6F0-5AE2-40F9-A476-6CC71C3A4568}"
EndProject
Project("{8BC9CEB8-8B4A-11D0-8D11-00A0C91BC942}") = "Processes", "Hunt\Processes\Processes.vcxproj", "{4A0DC222-E590-426A-8BFB-EAB8FB189E2E}"
EndProject
Project("{2150E333-8FDC-42A3-9474-1A3956D46DE8}") = "Hunt", "Hunt", "{61948B56-EA34-4C95-BFF6-934ED4AD628A}"
EndProject
Project("{8BC9CEB8-8B4A-11D0-8D11-00A0C91BC942}") = "FileMonitor", "Monitor\FileMonitor\FileMonitor.vcxproj", "{BF368BB7-86E5-44DB-809E-3C862CAF76E1}"
EndProject
Project("{8BC9CEB8-8B4A-11D0-8D11-00A0C91BC942}") = "ETW", "Monitor\ETW\ETW.vcxproj", "{BC9BC6AA-FFF3-4219-B712-E3DE2A5C4D82}"
EndProject
Project("{8BC9CEB8-8B4A-11D0-8D11-00A0C91BC942}") = "ProcessMonitor", "Monitor\ProcessMonitor\ProcessMonitor.vcxproj", "{D7303166-A9C6-4597-8B08-4D7F69210551}"
EndProject
Project("{8BC9CEB8-8B4A-11D0-8D11-00A0C91BC942}") = "RegistryMonitor", "Monitor\RegistryMonitor\RegistryMonitor.vcxproj", "{79528731-2188-4249-95DC-77318AE23EE6}"
EndProject
Project("{8BC9CEB8-8B4A-11D0-8D11-00A0C91BC942}") = "UserHooking", "Monitor\UserHooking\UserHooking.vcxproj", "{8D324873-1263-462F-92F7-095E8C29B795}"
EndProject
Project("{2150E333-8FDC-42A3-9474-1A3956D46DE8}") = "Monitor", "Monitor", "{2F58B2AD-BEF0-4720-9895-EFA51A81F7E0}"
EndProject
Project("{2150E333-8FDC-42A3-9474-1A3956D46DE8}") = "React", "React", "{C25E38D1-9666-4B42-A8D9-57DE1DB36114}"
EndProject
Project("{8BC9CEB8-8B4A-11D0-8D11-00A0C91BC942}") = "Reactions", "React\Reactions\Reactions.vcxproj", "{076A8013-C6D3-45B0-AACB-68DC66915FF6}"
EndProject
Project("{8BC9CEB8-8B4A-11D0-8D11-00A0C91BC942}") = "Logging", "Logging\Logging.vcxproj", "{EFB79DF3-1891-4A0D-869C-76F7FA4AD239}"
EndProject
Global
	GlobalSection(SolutionConfigurationPlatforms) = preSolution
		Debug|x64 = Debug|x64
		Debug|x86 = Debug|x86
		Release|x64 = Release|x64
		Release|x86 = Release|x86
	EndGlobalSection
	GlobalSection(ProjectConfigurationPlatforms) = postSolution
		{3F2806C6-D5E6-482E-8891-8AFE2BB4CDEF}.Debug|x64.ActiveCfg = Debug|x64
		{3F2806C6-D5E6-482E-8891-8AFE2BB4CDEF}.Debug|x64.Build.0 = Debug|x64
		{3F2806C6-D5E6-482E-8891-8AFE2BB4CDEF}.Debug|x86.ActiveCfg = Debug|Win32
		{3F2806C6-D5E6-482E-8891-8AFE2BB4CDEF}.Debug|x86.Build.0 = Debug|Win32
		{3F2806C6-D5E6-482E-8891-8AFE2BB4CDEF}.Release|x64.ActiveCfg = Release|x64
		{3F2806C6-D5E6-482E-8891-8AFE2BB4CDEF}.Release|x64.Build.0 = Release|x64
		{3F2806C6-D5E6-482E-8891-8AFE2BB4CDEF}.Release|x86.ActiveCfg = Release|Win32
		{3F2806C6-D5E6-482E-8891-8AFE2BB4CDEF}.Release|x86.Build.0 = Release|Win32
		{73D597B4-7735-4C99-BD34-1F01633E43DA}.Debug|x64.ActiveCfg = Debug|x64
		{73D597B4-7735-4C99-BD34-1F01633E43DA}.Debug|x64.Build.0 = Debug|x64
		{73D597B4-7735-4C99-BD34-1F01633E43DA}.Debug|x86.ActiveCfg = Debug|Win32
		{73D597B4-7735-4C99-BD34-1F01633E43DA}.Debug|x86.Build.0 = Debug|Win32
		{73D597B4-7735-4C99-BD34-1F01633E43DA}.Release|x64.ActiveCfg = Release|x64
		{73D597B4-7735-4C99-BD34-1F01633E43DA}.Release|x64.Build.0 = Release|x64
		{73D597B4-7735-4C99-BD34-1F01633E43DA}.Release|x86.ActiveCfg = Release|Win32
		{73D597B4-7735-4C99-BD34-1F01633E43DA}.Release|x86.Build.0 = Release|Win32
		{F9B5B626-EDD8-4371-BA1D-FFDE3B41A1CC}.Debug|x64.ActiveCfg = Debug|x64
		{F9B5B626-EDD8-4371-BA1D-FFDE3B41A1CC}.Debug|x64.Build.0 = Debug|x64
		{F9B5B626-EDD8-4371-BA1D-FFDE3B41A1CC}.Debug|x86.ActiveCfg = Debug|Win32
		{F9B5B626-EDD8-4371-BA1D-FFDE3B41A1CC}.Debug|x86.Build.0 = Debug|Win32
		{F9B5B626-EDD8-4371-BA1D-FFDE3B41A1CC}.Release|x64.ActiveCfg = Release|x64
		{F9B5B626-EDD8-4371-BA1D-FFDE3B41A1CC}.Release|x64.Build.0 = Release|x64
		{F9B5B626-EDD8-4371-BA1D-FFDE3B41A1CC}.Release|x86.ActiveCfg = Release|Win32
		{F9B5B626-EDD8-4371-BA1D-FFDE3B41A1CC}.Release|x86.Build.0 = Release|Win32
		{49D0B6F0-5AE2-40F9-A476-6CC71C3A4568}.Debug|x64.ActiveCfg = Debug|x64
		{49D0B6F0-5AE2-40F9-A476-6CC71C3A4568}.Debug|x64.Build.0 = Debug|x64
		{49D0B6F0-5AE2-40F9-A476-6CC71C3A4568}.Debug|x86.ActiveCfg = Debug|Win32
		{49D0B6F0-5AE2-40F9-A476-6CC71C3A4568}.Debug|x86.Build.0 = Debug|Win32
		{49D0B6F0-5AE2-40F9-A476-6CC71C3A4568}.Release|x64.ActiveCfg = Release|x64
		{49D0B6F0-5AE2-40F9-A476-6CC71C3A4568}.Release|x64.Build.0 = Release|x64
		{49D0B6F0-5AE2-40F9-A476-6CC71C3A4568}.Release|x86.ActiveCfg = Release|Win32
		{49D0B6F0-5AE2-40F9-A476-6CC71C3A4568}.Release|x86.Build.0 = Release|Win32
		{4A0DC222-E590-426A-8BFB-EAB8FB189E2E}.Debug|x64.ActiveCfg = Debug|x64
		{4A0DC222-E590-426A-8BFB-EAB8FB189E2E}.Debug|x64.Build.0 = Debug|x64
		{4A0DC222-E590-426A-8BFB-EAB8FB189E2E}.Debug|x86.ActiveCfg = Debug|Win32
		{4A0DC222-E590-426A-8BFB-EAB8FB189E2E}.Debug|x86.Build.0 = Debug|Win32
		{4A0DC222-E590-426A-8BFB-EAB8FB189E2E}.Release|x64.ActiveCfg = Release|x64
		{4A0DC222-E590-426A-8BFB-EAB8FB189E2E}.Release|x64.Build.0 = Release|x64
		{4A0DC222-E590-426A-8BFB-EAB8FB189E2E}.Release|x86.ActiveCfg = Release|Win32
		{4A0DC222-E590-426A-8BFB-EAB8FB189E2E}.Release|x86.Build.0 = Release|Win32
		{BF368BB7-86E5-44DB-809E-3C862CAF76E1}.Debug|x64.ActiveCfg = Debug|x64
		{BF368BB7-86E5-44DB-809E-3C862CAF76E1}.Debug|x64.Build.0 = Debug|x64
		{BF368BB7-86E5-44DB-809E-3C862CAF76E1}.Debug|x86.ActiveCfg = Debug|Win32
		{BF368BB7-86E5-44DB-809E-3C862CAF76E1}.Debug|x86.Build.0 = Debug|Win32
		{BF368BB7-86E5-44DB-809E-3C862CAF76E1}.Release|x64.ActiveCfg = Release|x64
		{BF368BB7-86E5-44DB-809E-3C862CAF76E1}.Release|x64.Build.0 = Release|x64
		{BF368BB7-86E5-44DB-809E-3C862CAF76E1}.Release|x86.ActiveCfg = Release|Win32
		{BF368BB7-86E5-44DB-809E-3C862CAF76E1}.Release|x86.Build.0 = Release|Win32
		{BC9BC6AA-FFF3-4219-B712-E3DE2A5C4D82}.Debug|x64.ActiveCfg = Debug|x64
		{BC9BC6AA-FFF3-4219-B712-E3DE2A5C4D82}.Debug|x64.Build.0 = Debug|x64
		{BC9BC6AA-FFF3-4219-B712-E3DE2A5C4D82}.Debug|x86.ActiveCfg = Debug|Win32
		{BC9BC6AA-FFF3-4219-B712-E3DE2A5C4D82}.Debug|x86.Build.0 = Debug|Win32
		{BC9BC6AA-FFF3-4219-B712-E3DE2A5C4D82}.Release|x64.ActiveCfg = Release|x64
		{BC9BC6AA-FFF3-4219-B712-E3DE2A5C4D82}.Release|x64.Build.0 = Release|x64
		{BC9BC6AA-FFF3-4219-B712-E3DE2A5C4D82}.Release|x86.ActiveCfg = Release|Win32
		{BC9BC6AA-FFF3-4219-B712-E3DE2A5C4D82}.Release|x86.Build.0 = Release|Win32
		{D7303166-A9C6-4597-8B08-4D7F69210551}.Debug|x64.ActiveCfg = Debug|x64
		{D7303166-A9C6-4597-8B08-4D7F69210551}.Debug|x64.Build.0 = Debug|x64
		{D7303166-A9C6-4597-8B08-4D7F69210551}.Debug|x86.ActiveCfg = Debug|Win32
		{D7303166-A9C6-4597-8B08-4D7F69210551}.Debug|x86.Build.0 = Debug|Win32
		{D7303166-A9C6-4597-8B08-4D7F69210551}.Release|x64.ActiveCfg = Release|x64
		{D7303166-A9C6-4597-8B08-4D7F69210551}.Release|x64.Build.0 = Release|x64
		{D7303166-A9C6-4597-8B08-4D7F69210551}.Release|x86.ActiveCfg = Release|Win32
		{D7303166-A9C6-4597-8B08-4D7F69210551}.Release|x86.Build.0 = Release|Win32
		{79528731-2188-4249-95DC-77318AE23EE6}.Debug|x64.ActiveCfg = Debug|x64
		{79528731-2188-4249-95DC-77318AE23EE6}.Debug|x64.Build.0 = Debug|x64
		{79528731-2188-4249-95DC-77318AE23EE6}.Debug|x86.ActiveCfg = Debug|Win32
		{79528731-2188-4249-95DC-77318AE23EE6}.Debug|x86.Build.0 = Debug|Win32
		{79528731-2188-4249-95DC-77318AE23EE6}.Release|x64.ActiveCfg = Release|x64
		{79528731-2188-4249-95DC-77318AE23EE6}.Release|x64.Build.0 = Release|x64
		{79528731-2188-4249-95DC-77318AE23EE6}.Release|x86.ActiveCfg = Release|Win32
		{79528731-2188-4249-95DC-77318AE23EE6}.Release|x86.Build.0 = Release|Win32
		{8D324873-1263-462F-92F7-095E8C29B795}.Debug|x64.ActiveCfg = Debug|x64
		{8D324873-1263-462F-92F7-095E8C29B795}.Debug|x64.Build.0 = Debug|x64
		{8D324873-1263-462F-92F7-095E8C29B795}.Debug|x86.ActiveCfg = Debug|Win32
		{8D324873-1263-462F-92F7-095E8C29B795}.Debug|x86.Build.0 = Debug|Win32
		{8D324873-1263-462F-92F7-095E8C29B795}.Release|x64.ActiveCfg = Release|x64
		{8D324873-1263-462F-92F7-095E8C29B795}.Release|x64.Build.0 = Release|x64
		{8D324873-1263-462F-92F7-095E8C29B795}.Release|x86.ActiveCfg = Release|Win32
		{8D324873-1263-462F-92F7-095E8C29B795}.Release|x86.Build.0 = Release|Win32
		{076A8013-C6D3-45B0-AACB-68DC66915FF6}.Debug|x64.ActiveCfg = Debug|x64
		{076A8013-C6D3-45B0-AACB-68DC66915FF6}.Debug|x64.Build.0 = Debug|x64
		{076A8013-C6D3-45B0-AACB-68DC66915FF6}.Debug|x86.ActiveCfg = Debug|Win32
		{076A8013-C6D3-45B0-AACB-68DC66915FF6}.Debug|x86.Build.0 = Debug|Win32
		{076A8013-C6D3-45B0-AACB-68DC66915FF6}.Release|x64.ActiveCfg = Release|x64
		{076A8013-C6D3-45B0-AACB-68DC66915FF6}.Release|x64.Build.0 = Release|x64
		{076A8013-C6D3-45B0-AACB-68DC66915FF6}.Release|x86.ActiveCfg = Release|Win32
		{076A8013-C6D3-45B0-AACB-68DC66915FF6}.Release|x86.Build.0 = Release|Win32
		{EFB79DF3-1891-4A0D-869C-76F7FA4AD239}.Debug|x64.ActiveCfg = Debug|x64
		{EFB79DF3-1891-4A0D-869C-76F7FA4AD239}.Debug|x64.Build.0 = Debug|x64
		{EFB79DF3-1891-4A0D-869C-76F7FA4AD239}.Debug|x86.ActiveCfg = Debug|Win32
		{EFB79DF3-1891-4A0D-869C-76F7FA4AD239}.Debug|x86.Build.0 = Debug|Win32
		{EFB79DF3-1891-4A0D-869C-76F7FA4AD239}.Release|x64.ActiveCfg = Release|x64
		{EFB79DF3-1891-4A0D-869C-76F7FA4AD239}.Release|x64.Build.0 = Release|x64
		{EFB79DF3-1891-4A0D-869C-76F7FA4AD239}.Release|x86.ActiveCfg = Release|Win32
		{EFB79DF3-1891-4A0D-869C-76F7FA4AD239}.Release|x86.Build.0 = Release|Win32
	EndGlobalSection
	GlobalSection(SolutionProperties) = preSolution
		HideSolutionNode = FALSE
	EndGlobalSection
	GlobalSection(NestedProjects) = preSolution
		{73D597B4-7735-4C99-BD34-1F01633E43DA} = {61948B56-EA34-4C95-BFF6-934ED4AD628A}
		{F9B5B626-EDD8-4371-BA1D-FFDE3B41A1CC} = {61948B56-EA34-4C95-BFF6-934ED4AD628A}
		{49D0B6F0-5AE2-40F9-A476-6CC71C3A4568} = {61948B56-EA34-4C95-BFF6-934ED4AD628A}
		{4A0DC222-E590-426A-8BFB-EAB8FB189E2E} = {61948B56-EA34-4C95-BFF6-934ED4AD628A}
		{BF368BB7-86E5-44DB-809E-3C862CAF76E1} = {2F58B2AD-BEF0-4720-9895-EFA51A81F7E0}
		{BC9BC6AA-FFF3-4219-B712-E3DE2A5C4D82} = {2F58B2AD-BEF0-4720-9895-EFA51A81F7E0}
		{D7303166-A9C6-4597-8B08-4D7F69210551} = {2F58B2AD-BEF0-4720-9895-EFA51A81F7E0}
		{79528731-2188-4249-95DC-77318AE23EE6} = {2F58B2AD-BEF0-4720-9895-EFA51A81F7E0}
		{8D324873-1263-462F-92F7-095E8C29B795} = {2F58B2AD-BEF0-4720-9895-EFA51A81F7E0}
		{076A8013-C6D3-45B0-AACB-68DC66915FF6} = {C25E38D1-9666-4B42-A8D9-57DE1DB36114}
	EndGlobalSection
	GlobalSection(ExtensibilityGlobals) = postSolution
		SolutionGuid = {D2384530-371F-46BD-9CDE-B32C499C53DE}
	EndGlobalSection
EndGlobal
