<?xml version="1.0" encoding="utf-8"?>
<Project ToolsVersion="4.0" xmlns="http://schemas.microsoft.com/developer/msbuild/2003">
  <ItemGroup>
    <Filter Include="Source Files">
      <UniqueIdentifier>{4FC737F1-C7A5-4376-A066-2A32D752A2FF}</UniqueIdentifier>
      <Extensions>cpp;c;cc;cxx;def;odl;idl;hpj;bat;asm;asmx</Extensions>
    </Filter>
    <Filter Include="Header Files">
      <UniqueIdentifier>{93995380-89BD-4b04-88EB-625FBE52EBFB}</UniqueIdentifier>
      <Extensions>h;hh;hpp;hxx;hm;inl;inc;ipp;xsd</Extensions>
    </Filter>
    <Filter Include="Resource Files">
      <UniqueIdentifier>{67DA6AB6-F800-4c08-8B7A-83BB121AAD01}</UniqueIdentifier>
      <Extensions>rc;ico;cur;bmp;dlg;rc2;rct;bin;rgs;gif;jpg;jpeg;jpe;resx;tiff;tif;png;wav;mfcribbon-ms</Extensions>
    </Filter>
    <Filter Include="Header Files\Wrappers">
      <UniqueIdentifier>{75481f2e-51b6-44de-bde7-f1cd89f8cad9}</UniqueIdentifier>
    </Filter>
    <Filter Include="Header Files\PE">
      <UniqueIdentifier>{577c8323-9b91-4c93-b774-d43a16032f38}</UniqueIdentifier>
    </Filter>
    <Filter Include="Source Files\PE">
      <UniqueIdentifier>{0eef133f-70fe-4086-bb7e-ddb15508a3d9}</UniqueIdentifier>
    </Filter>
  </ItemGroup>
  <ItemGroup>
    <ClInclude Include="headers\common\wrappers.hpp">
      <Filter>Header Files\Wrappers</Filter>
    </ClInclude>
    <ClInclude Include="headers\pe\Export_Section.h">
      <Filter>Header Files\PE</Filter>
    </ClInclude>
    <ClInclude Include="headers\pe\Import_Section.h">
      <Filter>Header Files\PE</Filter>
    </ClInclude>
    <ClInclude Include="headers\pe\PE_Image.h">
      <Filter>Header Files\PE</Filter>
    </ClInclude>
    <ClInclude Include="headers\pe\PE_Section.h">
      <Filter>Header Files\PE</Filter>
    </ClInclude>
    <ClInclude Include="headers\pe\Relocation_Section.h">
      <Filter>Header Files\PE</Filter>
    </ClInclude>
    <ClInclude Include="headers\pe\Resource_Section.h">
      <Filter>Header Files\PE</Filter>
    </ClInclude>
    <ClInclude Include="headers\common\StringUtils.h">
      <Filter>Header Files</Filter>
    </ClInclude>
  </ItemGroup>
  <ItemGroup>
    <ClCompile Include="src\Export_Section.cpp">
      <Filter>Source Files\PE</Filter>
    </ClCompile>
    <ClCompile Include="src\Import_Section.cpp">
      <Filter>Source Files\PE</Filter>
    </ClCompile>
    <ClCompile Include="src\PE_Image.cpp">
      <Filter>Source Files\PE</Filter>
    </ClCompile>
    <ClCompile Include="src\PE_Section.cpp">
      <Filter>Source Files\PE</Filter>
    </ClCompile>
    <ClCompile Include="src\Relocation_Section.cpp">
      <Filter>Source Files\PE</Filter>
    </ClCompile>
    <ClCompile Include="src\Resource_Section.cpp">
      <Filter>Source Files\PE</Filter>
    </ClCompile>
    <ClCompile Include="src\StringUtils.cpp">
      <Filter>Source Files</Filter>
    </ClCompile>
  </ItemGroup>
</Project>