<?xml version="1.0" encoding="utf-8"?>
<Project ToolsVersion="16.0" xmlns="http://schemas.microsoft.com/developer/msbuild/2003">
  <ItemGroup>
    <ClCompile Include="C:\Users\Jack\source\repos\BLUESPAWN\BLUESPAWN-client\external\pe-sieve\libpeconv\libpeconv\src\pe_hdrs_helper.cpp">
      <Filter>Source Files</Filter>
    </ClCompile>
    <ClCompile Include="C:\Users\Jack\source\repos\BLUESPAWN\BLUESPAWN-client\external\pe-sieve\libpeconv\libpeconv\src\pe_mode_detector.cpp">
      <Filter>Source Files</Filter>
    </ClCompile>
    <ClCompile Include="C:\Users\Jack\source\repos\BLUESPAWN\BLUESPAWN-client\external\pe-sieve\libpeconv\libpeconv\src\pe_raw_to_virtual.cpp">
      <Filter>Source Files</Filter>
    </ClCompile>
    <ClCompile Include="C:\Users\Jack\source\repos\BLUESPAWN\BLUESPAWN-client\external\pe-sieve\libpeconv\libpeconv\src\pe_virtual_to_raw.cpp">
      <Filter>Source Files</Filter>
    </ClCompile>
    <ClCompile Include="C:\Users\Jack\source\repos\BLUESPAWN\BLUESPAWN-client\external\pe-sieve\libpeconv\libpeconv\src\relocate.cpp">
      <Filter>Source Files</Filter>
    </ClCompile>
    <ClCompile Include="C:\Users\Jack\source\repos\BLUESPAWN\BLUESPAWN-client\external\pe-sieve\libpeconv\libpeconv\src\buffer_util.cpp">
      <Filter>Source Files</Filter>
    </ClCompile>
    <ClCompile Include="C:\Users\Jack\source\repos\BLUESPAWN\BLUESPAWN-client\external\pe-sieve\libpeconv\libpeconv\src\remote_pe_reader.cpp">
      <Filter>Source Files</Filter>
    </ClCompile>
    <ClCompile Include="C:\Users\Jack\source\repos\BLUESPAWN\BLUESPAWN-client\external\pe-sieve\libpeconv\libpeconv\src\imports_loader.cpp">
      <Filter>Source Files</Filter>
    </ClCompile>
    <ClCompile Include="C:\Users\Jack\source\repos\BLUESPAWN\BLUESPAWN-client\external\pe-sieve\libpeconv\libpeconv\src\delayed_imports_loader.cpp">
      <Filter>Source Files</Filter>
    </ClCompile>
    <ClCompile Include="C:\Users\Jack\source\repos\BLUESPAWN\BLUESPAWN-client\external\pe-sieve\libpeconv\libpeconv\src\fix_imports.cpp">
      <Filter>Source Files</Filter>
    </ClCompile>
    <ClCompile Include="C:\Users\Jack\source\repos\BLUESPAWN\BLUESPAWN-client\external\pe-sieve\libpeconv\libpeconv\src\pe_loader.cpp">
      <Filter>Source Files</Filter>
    </ClCompile>
    <ClCompile Include="C:\Users\Jack\source\repos\BLUESPAWN\BLUESPAWN-client\external\pe-sieve\libpeconv\libpeconv\src\pe_dumper.cpp">
      <Filter>Source Files</Filter>
    </ClCompile>
    <ClCompile Include="C:\Users\Jack\source\repos\BLUESPAWN\BLUESPAWN-client\external\pe-sieve\libpeconv\libpeconv\src\exports_lookup.cpp">
      <Filter>Source Files</Filter>
    </ClCompile>
    <ClCompile Include="C:\Users\Jack\source\repos\BLUESPAWN\BLUESPAWN-client\external\pe-sieve\libpeconv\libpeconv\src\function_resolver.cpp">
      <Filter>Source Files</Filter>
    </ClCompile>
    <ClCompile Include="C:\Users\Jack\source\repos\BLUESPAWN\BLUESPAWN-client\external\pe-sieve\libpeconv\libpeconv\src\hooks.cpp">
      <Filter>Source Files</Filter>
    </ClCompile>
    <ClCompile Include="C:\Users\Jack\source\repos\BLUESPAWN\BLUESPAWN-client\external\pe-sieve\libpeconv\libpeconv\src\exported_func.cpp">
      <Filter>Source Files</Filter>
    </ClCompile>
    <ClCompile Include="C:\Users\Jack\source\repos\BLUESPAWN\BLUESPAWN-client\external\pe-sieve\libpeconv\libpeconv\src\exports_mapper.cpp">
      <Filter>Source Files</Filter>
    </ClCompile>
    <ClCompile Include="C:\Users\Jack\source\repos\BLUESPAWN\BLUESPAWN-client\external\pe-sieve\libpeconv\libpeconv\src\resource_parser.cpp">
      <Filter>Source Files</Filter>
    </ClCompile>
    <ClCompile Include="C:\Users\Jack\source\repos\BLUESPAWN\BLUESPAWN-client\external\pe-sieve\libpeconv\libpeconv\src\file_util.cpp">
      <Filter>Source Files</Filter>
    </ClCompile>
    <ClCompile Include="C:\Users\Jack\source\repos\BLUESPAWN\BLUESPAWN-client\external\pe-sieve\libpeconv\libpeconv\src\resource_util.cpp">
      <Filter>Source Files</Filter>
    </ClCompile>
    <ClCompile Include="C:\Users\Jack\source\repos\BLUESPAWN\BLUESPAWN-client\external\pe-sieve\libpeconv\libpeconv\src\imports_uneraser.cpp">
      <Filter>Source Files</Filter>
    </ClCompile>
    <ClCompile Include="C:\Users\Jack\source\repos\BLUESPAWN\BLUESPAWN-client\external\pe-sieve\libpeconv\libpeconv\src\load_config_util.cpp">
      <Filter>Source Files</Filter>
    </ClCompile>
    <ClCompile Include="C:\Users\Jack\source\repos\BLUESPAWN\BLUESPAWN-client\external\pe-sieve\libpeconv\libpeconv\src\caves.cpp">
      <Filter>Source Files</Filter>
    </ClCompile>
    <ClCompile Include="C:\Users\Jack\source\repos\BLUESPAWN\BLUESPAWN-client\external\pe-sieve\libpeconv\libpeconv\src\util.cpp">
      <Filter>Source Files</Filter>
    </ClCompile>
    <ClCompile Include="C:\Users\Jack\source\repos\BLUESPAWN\BLUESPAWN-client\external\pe-sieve\libpeconv\libpeconv\src\fix_dot_net_ep.cpp">
      <Filter>Source Files</Filter>
    </ClCompile>
  </ItemGroup>
  <ItemGroup>
    <ClInclude Include="C:\Users\Jack\source\repos\BLUESPAWN\BLUESPAWN-client\external\pe-sieve\libpeconv\libpeconv\include\peconv.h">
      <Filter>Header Files</Filter>
    </ClInclude>
    <ClInclude Include="C:\Users\Jack\source\repos\BLUESPAWN\BLUESPAWN-client\external\pe-sieve\libpeconv\libpeconv\include\peconv\pe_hdrs_helper.h">
      <Filter>Header Files</Filter>
    </ClInclude>
    <ClInclude Include="C:\Users\Jack\source\repos\BLUESPAWN\BLUESPAWN-client\external\pe-sieve\libpeconv\libpeconv\include\peconv\pe_mode_detector.h">
      <Filter>Header Files</Filter>
    </ClInclude>
    <ClInclude Include="C:\Users\Jack\source\repos\BLUESPAWN\BLUESPAWN-client\external\pe-sieve\libpeconv\libpeconv\include\peconv\pe_raw_to_virtual.h">
      <Filter>Header Files</Filter>
    </ClInclude>
    <ClInclude Include="C:\Users\Jack\source\repos\BLUESPAWN\BLUESPAWN-client\external\pe-sieve\libpeconv\libpeconv\include\peconv\pe_virtual_to_raw.h">
      <Filter>Header Files</Filter>
    </ClInclude>
    <ClInclude Include="C:\Users\Jack\source\repos\BLUESPAWN\BLUESPAWN-client\external\pe-sieve\libpeconv\libpeconv\include\peconv\relocate.h">
      <Filter>Header Files</Filter>
    </ClInclude>
    <ClInclude Include="C:\Users\Jack\source\repos\BLUESPAWN\BLUESPAWN-client\external\pe-sieve\libpeconv\libpeconv\include\peconv\util.h">
      <Filter>Header Files</Filter>
    </ClInclude>
    <ClInclude Include="C:\Users\Jack\source\repos\BLUESPAWN\BLUESPAWN-client\external\pe-sieve\libpeconv\libpeconv\include\peconv\buffer_util.h">
      <Filter>Header Files</Filter>
    </ClInclude>
    <ClInclude Include="C:\Users\Jack\source\repos\BLUESPAWN\BLUESPAWN-client\external\pe-sieve\libpeconv\libpeconv\include\peconv\remote_pe_reader.h">
      <Filter>Header Files</Filter>
    </ClInclude>
    <ClInclude Include="C:\Users\Jack\source\repos\BLUESPAWN\BLUESPAWN-client\external\pe-sieve\libpeconv\libpeconv\include\peconv\imports_loader.h">
      <Filter>Header Files</Filter>
    </ClInclude>
    <ClInclude Include="C:\Users\Jack\source\repos\BLUESPAWN\BLUESPAWN-client\external\pe-sieve\libpeconv\libpeconv\include\peconv\delayed_imports_loader.h">
      <Filter>Header Files</Filter>
    </ClInclude>
    <ClInclude Include="C:\Users\Jack\source\repos\BLUESPAWN\BLUESPAWN-client\external\pe-sieve\libpeconv\libpeconv\include\peconv\fix_imports.h">
      <Filter>Header Files</Filter>
    </ClInclude>
    <ClInclude Include="C:\Users\Jack\source\repos\BLUESPAWN\BLUESPAWN-client\external\pe-sieve\libpeconv\libpeconv\include\peconv\pe_loader.h">
      <Filter>Header Files</Filter>
    </ClInclude>
    <ClInclude Include="C:\Users\Jack\source\repos\BLUESPAWN\BLUESPAWN-client\external\pe-sieve\libpeconv\libpeconv\include\peconv\pe_dumper.h">
      <Filter>Header Files</Filter>
    </ClInclude>
    <ClInclude Include="C:\Users\Jack\source\repos\BLUESPAWN\BLUESPAWN-client\external\pe-sieve\libpeconv\libpeconv\include\peconv\exports_lookup.h">
      <Filter>Header Files</Filter>
    </ClInclude>
    <ClInclude Include="C:\Users\Jack\source\repos\BLUESPAWN\BLUESPAWN-client\external\pe-sieve\libpeconv\libpeconv\include\peconv\function_resolver.h">
      <Filter>Header Files</Filter>
    </ClInclude>
    <ClInclude Include="C:\Users\Jack\source\repos\BLUESPAWN\BLUESPAWN-client\external\pe-sieve\libpeconv\libpeconv\include\peconv\hooks.h">
      <Filter>Header Files</Filter>
    </ClInclude>
    <ClInclude Include="C:\Users\Jack\source\repos\BLUESPAWN\BLUESPAWN-client\external\pe-sieve\libpeconv\libpeconv\include\peconv\exported_func.h">
      <Filter>Header Files</Filter>
    </ClInclude>
    <ClInclude Include="C:\Users\Jack\source\repos\BLUESPAWN\BLUESPAWN-client\external\pe-sieve\libpeconv\libpeconv\include\peconv\exports_mapper.h">
      <Filter>Header Files</Filter>
    </ClInclude>
    <ClInclude Include="C:\Users\Jack\source\repos\BLUESPAWN\BLUESPAWN-client\external\pe-sieve\libpeconv\libpeconv\include\peconv\resource_parser.h">
      <Filter>Header Files</Filter>
    </ClInclude>
    <ClInclude Include="C:\Users\Jack\source\repos\BLUESPAWN\BLUESPAWN-client\external\pe-sieve\libpeconv\libpeconv\include\peconv\file_util.h">
      <Filter>Header Files</Filter>
    </ClInclude>
    <ClInclude Include="C:\Users\Jack\source\repos\BLUESPAWN\BLUESPAWN-client\external\pe-sieve\libpeconv\libpeconv\include\peconv\resource_util.h">
      <Filter>Header Files</Filter>
    </ClInclude>
    <ClInclude Include="C:\Users\Jack\source\repos\BLUESPAWN\BLUESPAWN-client\external\pe-sieve\libpeconv\libpeconv\include\peconv\imports_uneraser.h">
      <Filter>Header Files</Filter>
    </ClInclude>
    <ClInclude Include="C:\Users\Jack\source\repos\BLUESPAWN\BLUESPAWN-client\external\pe-sieve\libpeconv\libpeconv\include\peconv\load_config_util.h">
      <Filter>Header Files</Filter>
    </ClInclude>
    <ClInclude Include="C:\Users\Jack\source\repos\BLUESPAWN\BLUESPAWN-client\external\pe-sieve\libpeconv\libpeconv\include\peconv\load_config_defs.h">
      <Filter>Header Files</Filter>
    </ClInclude>
    <ClInclude Include="C:\Users\Jack\source\repos\BLUESPAWN\BLUESPAWN-client\external\pe-sieve\libpeconv\libpeconv\include\peconv\caves.h">
      <Filter>Header Files</Filter>
    </ClInclude>
    <ClInclude Include="C:\Users\Jack\source\repos\BLUESPAWN\BLUESPAWN-client\external\pe-sieve\libpeconv\libpeconv\src\fix_dot_net_ep.h">
      <Filter>Header Files</Filter>
    </ClInclude>
  </ItemGroup>
  <ItemGroup>
    <CustomBuild Include="C:\Users\Jack\source\repos\BLUESPAWN\BLUESPAWN-client\external\pe-sieve\libpeconv\libpeconv\CMakeLists.txt" />
  </ItemGroup>
  <ItemGroup>
    <Filter Include="Header Files">
      <UniqueIdentifier>{6DF2EC36-8490-38FD-A45A-58774E7379E5}</UniqueIdentifier>
    </Filter>
    <Filter Include="Source Files">
      <UniqueIdentifier>{2DC1DC65-284C-3292-9E9A-EF0708320A93}</UniqueIdentifier>
    </Filter>
  </ItemGroup>
</Project>
