Microsoft Visual Studio Solution File, Format Version 12.00
# Visual Studio 16
Project("{8BC9CEB8-8B4A-11D0-8D11-00A0C91BC942}") = "ALL_BUILD", "ALL_BUILD.vcxproj", "{BE645464-90AF-3944-B5C0-422F5853A7E7}"
	ProjectSection(ProjectDependencies) = postProject
		{24088C44-179B-3139-980C-CA84E7DCB013} = {24088C44-179B-3139-980C-CA84E7DCB013}
		{C9D09618-1DE6-3323-AED8-9B885AC8D9F3} = {C9D09618-1DE6-3323-AED8-9B885AC8D9F3}
	EndProjectSection
EndProject
Project("{8BC9CEB8-8B4A-11D0-8D11-00A0C91BC942}") = "INSTALL", "INSTALL.vcxproj", "{0C2C839E-CD05-3AA6-AC8C-F1FFC583040E}"
	ProjectSection(ProjectDependencies) = postProject
		{BE645464-90AF-3944-B5C0-422F5853A7E7} = {BE645464-90AF-3944-B5C0-422F5853A7E7}
		{24088C44-179B-3139-980C-CA84E7DCB013} = {24088C44-179B-3139-980C-CA84E7DCB013}
	EndProjectSection
EndProject
Project("{8BC9CEB8-8B4A-11D0-8D11-00A0C91BC942}") = "ZERO_CHECK", "..\..\\ZERO_CHECK.vcxproj", "{24088C44-179B-3139-980C-CA84E7DCB013}"
	ProjectSection(ProjectDependencies) = postProject
	EndProjectSection
EndProject
Project("{8BC9CEB8-8B4A-11D0-8D11-00A0C91BC942}") = "libpeconv", "libpeconv.vcxproj", "{C9D09618-1DE6-3323-AED8-9B885AC8D9F3}"
	ProjectSection(ProjectDependencies) = postProject
		{24088C44-179B-3139-980C-CA84E7DCB013} = {24088C44-179B-3139-980C-CA84E7DCB013}
	EndProjectSection
EndProject
Global
	GlobalSection(SolutionConfigurationPlatforms) = preSolution
		Debug|x64 = Debug|x64
		Release|x64 = Release|x64
		MinSizeRel|x64 = MinSizeRel|x64
		RelWithDebInfo|x64 = RelWithDebInfo|x64
	EndGlobalSection
	GlobalSection(ProjectConfigurationPlatforms) = postSolution
		{BE645464-90AF-3944-B5C0-422F5853A7E7}.Debug|x64.ActiveCfg = Debug|x64
		{BE645464-90AF-3944-B5C0-422F5853A7E7}.Debug|x64.Build.0 = Debug|x64
		{BE645464-90AF-3944-B5C0-422F5853A7E7}.Release|x64.ActiveCfg = Release|x64
		{BE645464-90AF-3944-B5C0-422F5853A7E7}.Release|x64.Build.0 = Release|x64
		{BE645464-90AF-3944-B5C0-422F5853A7E7}.MinSizeRel|x64.ActiveCfg = MinSizeRel|x64
		{BE645464-90AF-3944-B5C0-422F5853A7E7}.MinSizeRel|x64.Build.0 = MinSizeRel|x64
		{BE645464-90AF-3944-B5C0-422F5853A7E7}.RelWithDebInfo|x64.ActiveCfg = RelWithDebInfo|x64
		{BE645464-90AF-3944-B5C0-422F5853A7E7}.RelWithDebInfo|x64.Build.0 = RelWithDebInfo|x64
		{0C2C839E-CD05-3AA6-AC8C-F1FFC583040E}.Debug|x64.ActiveCfg = Debug|x64
		{0C2C839E-CD05-3AA6-AC8C-F1FFC583040E}.Release|x64.ActiveCfg = Release|x64
		{0C2C839E-CD05-3AA6-AC8C-F1FFC583040E}.MinSizeRel|x64.ActiveCfg = MinSizeRel|x64
		{0C2C839E-CD05-3AA6-AC8C-F1FFC583040E}.RelWithDebInfo|x64.ActiveCfg = RelWithDebInfo|x64
		{24088C44-179B-3139-980C-CA84E7DCB013}.Debug|x64.ActiveCfg = Debug|x64
		{24088C44-179B-3139-980C-CA84E7DCB013}.Debug|x64.Build.0 = Debug|x64
		{24088C44-179B-3139-980C-CA84E7DCB013}.Release|x64.ActiveCfg = Release|x64
		{24088C44-179B-3139-980C-CA84E7DCB013}.Release|x64.Build.0 = Release|x64
		{24088C44-179B-3139-980C-CA84E7DCB013}.MinSizeRel|x64.ActiveCfg = MinSizeRel|x64
		{24088C44-179B-3139-980C-CA84E7DCB013}.MinSizeRel|x64.Build.0 = MinSizeRel|x64
		{24088C44-179B-3139-980C-CA84E7DCB013}.RelWithDebInfo|x64.ActiveCfg = RelWithDebInfo|x64
		{24088C44-179B-3139-980C-CA84E7DCB013}.RelWithDebInfo|x64.Build.0 = RelWithDebInfo|x64
		{C9D09618-1DE6-3323-AED8-9B885AC8D9F3}.Debug|x64.ActiveCfg = Debug|x64
		{C9D09618-1DE6-3323-AED8-9B885AC8D9F3}.Debug|x64.Build.0 = Debug|x64
		{C9D09618-1DE6-3323-AED8-9B885AC8D9F3}.Release|x64.ActiveCfg = Release|x64
		{C9D09618-1DE6-3323-AED8-9B885AC8D9F3}.Release|x64.Build.0 = Release|x64
		{C9D09618-1DE6-3323-AED8-9B885AC8D9F3}.MinSizeRel|x64.ActiveCfg = MinSizeRel|x64
		{C9D09618-1DE6-3323-AED8-9B885AC8D9F3}.MinSizeRel|x64.Build.0 = MinSizeRel|x64
		{C9D09618-1DE6-3323-AED8-9B885AC8D9F3}.RelWithDebInfo|x64.ActiveCfg = RelWithDebInfo|x64
		{C9D09618-1DE6-3323-AED8-9B885AC8D9F3}.RelWithDebInfo|x64.Build.0 = RelWithDebInfo|x64
	EndGlobalSection
	GlobalSection(ExtensibilityGlobals) = postSolution
		SolutionGuid = {ACB62D5C-0ECB-3961-AD57-D3FE7F6A6A8D}
	EndGlobalSection
	GlobalSection(ExtensibilityAddIns) = postSolution
	EndGlobalSection
EndGlobal
