<?xml version="1.0" encoding="utf-8"?>
<Project ToolsVersion="16.0" xmlns="http://schemas.microsoft.com/developer/msbuild/2003">
  <ItemGroup>
    <ClCompile Include="C:\Users\Jack\source\repos\BLUESPAWN\BLUESPAWN-client\external\pe-sieve\pe_sieve.cpp">
      <Filter>Source Files</Filter>
    </ClCompile>
    <ClCompile Include="C:\Users\Jack\source\repos\BLUESPAWN\BLUESPAWN-client\external\pe-sieve\params_info\pe_sieve_params_info.cpp">
      <Filter>Source Files\params_info</Filter>
    </ClCompile>
    <ClCompile Include="C:\Users\Jack\source\repos\BLUESPAWN\BLUESPAWN-client\external\pe-sieve\scanners\mapping_scanner.cpp">
      <Filter>Source Files\scanners</Filter>
    </ClCompile>
    <ClCompile Include="C:\Users\Jack\source\repos\BLUESPAWN\BLUESPAWN-client\external\pe-sieve\scanners\headers_scanner.cpp">
      <Filter>Source Files\scanners</Filter>
    </ClCompile>
    <ClCompile Include="C:\Users\Jack\source\repos\BLUESPAWN\BLUESPAWN-client\external\pe-sieve\scanners\code_scanner.cpp">
      <Filter>Source Files\scanners</Filter>
    </ClCompile>
    <ClCompile Include="C:\Users\Jack\source\repos\BLUESPAWN\BLUESPAWN-client\external\pe-sieve\scanners\workingset_scanner.cpp">
      <Filter>Source Files\scanners</Filter>
    </ClCompile>
    <ClCompile Include="C:\Users\Jack\source\repos\BLUESPAWN\BLUESPAWN-client\external\pe-sieve\scanners\artefact_scanner.cpp">
      <Filter>Source Files\scanners</Filter>
    </ClCompile>
    <ClCompile Include="C:\Users\Jack\source\repos\BLUESPAWN\BLUESPAWN-client\external\pe-sieve\scanners\scanner.cpp">
      <Filter>Source Files\scanners</Filter>
    </ClCompile>
    <ClCompile Include="C:\Users\Jack\source\repos\BLUESPAWN\BLUESPAWN-client\external\pe-sieve\scanners\module_data.cpp">
      <Filter>Source Files\scanners</Filter>
    </ClCompile>
    <ClCompile Include="C:\Users\Jack\source\repos\BLUESPAWN\BLUESPAWN-client\external\pe-sieve\scanners\mempage_data.cpp">
      <Filter>Source Files\scanners</Filter>
    </ClCompile>
    <ClCompile Include="C:\Users\Jack\source\repos\BLUESPAWN\BLUESPAWN-client\external\pe-sieve\scanners\patch_list.cpp">
      <Filter>Source Files\scanners</Filter>
    </ClCompile>
    <ClCompile Include="C:\Users\Jack\source\repos\BLUESPAWN\BLUESPAWN-client\external\pe-sieve\scanners\patch_analyzer.cpp">
      <Filter>Source Files\scanners</Filter>
    </ClCompile>
    <ClCompile Include="C:\Users\Jack\source\repos\BLUESPAWN\BLUESPAWN-client\external\pe-sieve\scanners\scan_report.cpp">
      <Filter>Source Files\scanners</Filter>
    </ClCompile>
    <ClCompile Include="C:\Users\Jack\source\repos\BLUESPAWN\BLUESPAWN-client\external\pe-sieve\scanners\scanned_modules.cpp">
      <Filter>Source Files\scanners</Filter>
    </ClCompile>
    <ClCompile Include="C:\Users\Jack\source\repos\BLUESPAWN\BLUESPAWN-client\external\pe-sieve\scanners\hook_targets_resolver.cpp">
      <Filter>Source Files\scanners</Filter>
    </ClCompile>
    <ClCompile Include="C:\Users\Jack\source\repos\BLUESPAWN\BLUESPAWN-client\external\pe-sieve\postprocessors\report_formatter.cpp">
      <Filter>Source Files\postprocessors</Filter>
    </ClCompile>
    <ClCompile Include="C:\Users\Jack\source\repos\BLUESPAWN\BLUESPAWN-client\external\pe-sieve\postprocessors\results_dumper.cpp">
      <Filter>Source Files\postprocessors</Filter>
    </ClCompile>
    <ClCompile Include="C:\Users\Jack\source\repos\BLUESPAWN\BLUESPAWN-client\external\pe-sieve\postprocessors\pe_buffer.cpp">
      <Filter>Source Files\postprocessors</Filter>
    </ClCompile>
    <ClCompile Include="C:\Users\Jack\source\repos\BLUESPAWN\BLUESPAWN-client\external\pe-sieve\postprocessors\pe_reconstructor.cpp">
      <Filter>Source Files\postprocessors</Filter>
    </ClCompile>
    <ClCompile Include="C:\Users\Jack\source\repos\BLUESPAWN\BLUESPAWN-client\external\pe-sieve\postprocessors\imp_rec\imp_reconstructor.cpp">
      <Filter>Source Files\postprocessors\imp_rec</Filter>
    </ClCompile>
    <ClCompile Include="C:\Users\Jack\source\repos\BLUESPAWN\BLUESPAWN-client\external\pe-sieve\postprocessors\imp_rec\iat_block.cpp">
      <Filter>Source Files\postprocessors\imp_rec</Filter>
    </ClCompile>
    <ClCompile Include="C:\Users\Jack\source\repos\BLUESPAWN\BLUESPAWN-client\external\pe-sieve\postprocessors\imp_rec\iat_finder.cpp">
      <Filter>Source Files\postprocessors\imp_rec</Filter>
    </ClCompile>
    <ClCompile Include="C:\Users\Jack\source\repos\BLUESPAWN\BLUESPAWN-client\external\pe-sieve\postprocessors\imp_rec\import_table_finder.cpp">
      <Filter>Source Files\postprocessors\imp_rec</Filter>
    </ClCompile>
    <ClCompile Include="C:\Users\Jack\source\repos\BLUESPAWN\BLUESPAWN-client\external\pe-sieve\utils\process_util.cpp">
      <Filter>Source Files\utils</Filter>
    </ClCompile>
    <ClCompile Include="C:\Users\Jack\source\repos\BLUESPAWN\BLUESPAWN-client\external\pe-sieve\utils\process_privilege.cpp">
      <Filter>Source Files\utils</Filter>
    </ClCompile>
    <ClCompile Include="C:\Users\Jack\source\repos\BLUESPAWN\BLUESPAWN-client\external\pe-sieve\utils\process_minidump.cpp">
      <Filter>Source Files\utils</Filter>
    </ClCompile>
    <ClCompile Include="C:\Users\Jack\source\repos\BLUESPAWN\BLUESPAWN-client\external\pe-sieve\utils\util.cpp">
      <Filter>Source Files\utils</Filter>
    </ClCompile>
    <ClCompile Include="C:\Users\Jack\source\repos\BLUESPAWN\BLUESPAWN-client\external\pe-sieve\utils\path_converter.cpp">
      <Filter>Source Files\utils</Filter>
    </ClCompile>
    <ClCompile Include="C:\Users\Jack\source\repos\BLUESPAWN\BLUESPAWN-client\external\pe-sieve\utils\workingset_enum.cpp">
      <Filter>Source Files\utils</Filter>
    </ClCompile>
    <ClCompile Include="C:\Users\Jack\source\repos\BLUESPAWN\BLUESPAWN-client\external\pe-sieve\utils\modules_enum.cpp">
      <Filter>Source Files\utils</Filter>
    </ClCompile>
    <ClCompile Include="C:\Users\Jack\source\repos\BLUESPAWN\BLUESPAWN-client\external\pe-sieve\utils\artefacts_util.cpp">
      <Filter>Source Files\utils</Filter>
    </ClCompile>
    <ClCompile Include="C:\Users\Jack\source\repos\BLUESPAWN\BLUESPAWN-client\external\pe-sieve\dll_main.cpp">
      <Filter>Source Files</Filter>
    </ClCompile>
  </ItemGroup>
  <ItemGroup>
    <ClInclude Include="C:\Users\Jack\source\repos\BLUESPAWN\BLUESPAWN-client\external\pe-sieve\pe_sieve.h">
      <Filter>Header Files</Filter>
    </ClInclude>
    <ClInclude Include="C:\Users\Jack\source\repos\BLUESPAWN\BLUESPAWN-client\external\pe-sieve\include\pe_sieve_types.h">
      <Filter>Header Files</Filter>
    </ClInclude>
    <ClInclude Include="C:\Users\Jack\source\repos\BLUESPAWN\BLUESPAWN-client\external\pe-sieve\params_info\pe_sieve_params_info.h">
      <Filter>Header Files\params_info</Filter>
    </ClInclude>
    <ClInclude Include="C:\Users\Jack\source\repos\BLUESPAWN\BLUESPAWN-client\external\pe-sieve\scanners\mapping_scanner.h">
      <Filter>Header Files\scanners</Filter>
    </ClInclude>
    <ClInclude Include="C:\Users\Jack\source\repos\BLUESPAWN\BLUESPAWN-client\external\pe-sieve\scanners\headers_scanner.h">
      <Filter>Header Files\scanners</Filter>
    </ClInclude>
    <ClInclude Include="C:\Users\Jack\source\repos\BLUESPAWN\BLUESPAWN-client\external\pe-sieve\scanners\code_scanner.h">
      <Filter>Header Files\scanners</Filter>
    </ClInclude>
    <ClInclude Include="C:\Users\Jack\source\repos\BLUESPAWN\BLUESPAWN-client\external\pe-sieve\scanners\module_scanner.h">
      <Filter>Header Files\scanners</Filter>
    </ClInclude>
    <ClInclude Include="C:\Users\Jack\source\repos\BLUESPAWN\BLUESPAWN-client\external\pe-sieve\scanners\workingset_scanner.h">
      <Filter>Header Files\scanners</Filter>
    </ClInclude>
    <ClInclude Include="C:\Users\Jack\source\repos\BLUESPAWN\BLUESPAWN-client\external\pe-sieve\scanners\artefact_scanner.h">
      <Filter>Header Files\scanners</Filter>
    </ClInclude>
    <ClInclude Include="C:\Users\Jack\source\repos\BLUESPAWN\BLUESPAWN-client\external\pe-sieve\scanners\scanner.h">
      <Filter>Header Files\scanners</Filter>
    </ClInclude>
    <ClInclude Include="C:\Users\Jack\source\repos\BLUESPAWN\BLUESPAWN-client\external\pe-sieve\scanners\module_scan_report.h">
      <Filter>Header Files\scanners</Filter>
    </ClInclude>
    <ClInclude Include="C:\Users\Jack\source\repos\BLUESPAWN\BLUESPAWN-client\external\pe-sieve\scanners\scan_report.h">
      <Filter>Header Files\scanners</Filter>
    </ClInclude>
    <ClInclude Include="C:\Users\Jack\source\repos\BLUESPAWN\BLUESPAWN-client\external\pe-sieve\scanners\module_data.h">
      <Filter>Header Files\scanners</Filter>
    </ClInclude>
    <ClInclude Include="C:\Users\Jack\source\repos\BLUESPAWN\BLUESPAWN-client\external\pe-sieve\scanners\mempage_data.h">
      <Filter>Header Files\scanners</Filter>
    </ClInclude>
    <ClInclude Include="C:\Users\Jack\source\repos\BLUESPAWN\BLUESPAWN-client\external\pe-sieve\scanners\pe_section.h">
      <Filter>Header Files\scanners</Filter>
    </ClInclude>
    <ClInclude Include="C:\Users\Jack\source\repos\BLUESPAWN\BLUESPAWN-client\external\pe-sieve\scanners\patch_list.h">
      <Filter>Header Files\scanners</Filter>
    </ClInclude>
    <ClInclude Include="C:\Users\Jack\source\repos\BLUESPAWN\BLUESPAWN-client\external\pe-sieve\scanners\patch_analyzer.h">
      <Filter>Header Files\scanners</Filter>
    </ClInclude>
    <ClInclude Include="C:\Users\Jack\source\repos\BLUESPAWN\BLUESPAWN-client\external\pe-sieve\scanners\scanned_modules.h">
      <Filter>Header Files\scanners</Filter>
    </ClInclude>
    <ClInclude Include="C:\Users\Jack\source\repos\BLUESPAWN\BLUESPAWN-client\external\pe-sieve\scanners\hook_targets_resolver.h">
      <Filter>Header Files\scanners</Filter>
    </ClInclude>
    <ClInclude Include="C:\Users\Jack\source\repos\BLUESPAWN\BLUESPAWN-client\external\pe-sieve\postprocessors\report_formatter.h">
      <Filter>Header Files\postprocessors</Filter>
    </ClInclude>
    <ClInclude Include="C:\Users\Jack\source\repos\BLUESPAWN\BLUESPAWN-client\external\pe-sieve\postprocessors\results_dumper.h">
      <Filter>Header Files\postprocessors</Filter>
    </ClInclude>
    <ClInclude Include="C:\Users\Jack\source\repos\BLUESPAWN\BLUESPAWN-client\external\pe-sieve\postprocessors\pe_buffer.h">
      <Filter>Header Files\postprocessors</Filter>
    </ClInclude>
    <ClInclude Include="C:\Users\Jack\source\repos\BLUESPAWN\BLUESPAWN-client\external\pe-sieve\postprocessors\pe_reconstructor.h">
      <Filter>Header Files\postprocessors</Filter>
    </ClInclude>
    <ClInclude Include="C:\Users\Jack\source\repos\BLUESPAWN\BLUESPAWN-client\external\pe-sieve\postprocessors\imp_rec\imp_reconstructor.h">
      <Filter>Header Files\postprocessors\imp_rec</Filter>
    </ClInclude>
    <ClInclude Include="C:\Users\Jack\source\repos\BLUESPAWN\BLUESPAWN-client\external\pe-sieve\postprocessors\imp_rec\iat_block.h">
      <Filter>Header Files\postprocessors\imp_rec</Filter>
    </ClInclude>
    <ClInclude Include="C:\Users\Jack\source\repos\BLUESPAWN\BLUESPAWN-client\external\pe-sieve\postprocessors\imp_rec\iat_finder.h">
      <Filter>Header Files\postprocessors\imp_rec</Filter>
    </ClInclude>
    <ClInclude Include="C:\Users\Jack\source\repos\BLUESPAWN\BLUESPAWN-client\external\pe-sieve\postprocessors\imp_rec\import_table_finder.h">
      <Filter>Header Files\postprocessors\imp_rec</Filter>
    </ClInclude>
    <ClInclude Include="C:\Users\Jack\source\repos\BLUESPAWN\BLUESPAWN-client\external\pe-sieve\utils\util.h">
      <Filter>Header Files\utils</Filter>
    </ClInclude>
    <ClInclude Include="C:\Users\Jack\source\repos\BLUESPAWN\BLUESPAWN-client\external\pe-sieve\utils\path_converter.h">
      <Filter>Header Files\utils</Filter>
    </ClInclude>
    <ClInclude Include="C:\Users\Jack\source\repos\BLUESPAWN\BLUESPAWN-client\external\pe-sieve\utils\process_util.h">
      <Filter>Header Files\utils</Filter>
    </ClInclude>
    <ClInclude Include="C:\Users\Jack\source\repos\BLUESPAWN\BLUESPAWN-client\external\pe-sieve\utils\process_privilege.h">
      <Filter>Header Files\utils</Filter>
    </ClInclude>
    <ClInclude Include="C:\Users\Jack\source\repos\BLUESPAWN\BLUESPAWN-client\external\pe-sieve\utils\process_minidump.h">
      <Filter>Header Files\utils</Filter>
    </ClInclude>
    <ClInclude Include="C:\Users\Jack\source\repos\BLUESPAWN\BLUESPAWN-client\external\pe-sieve\utils\workingset_enum.h">
      <Filter>Header Files\utils</Filter>
    </ClInclude>
    <ClInclude Include="C:\Users\Jack\source\repos\BLUESPAWN\BLUESPAWN-client\external\pe-sieve\utils\modules_enum.h">
      <Filter>Header Files\utils</Filter>
    </ClInclude>
    <ClInclude Include="C:\Users\Jack\source\repos\BLUESPAWN\BLUESPAWN-client\external\pe-sieve\utils\artefacts_util.h">
      <Filter>Header Files\utils</Filter>
    </ClInclude>
    <ClInclude Include="C:\Users\Jack\source\repos\BLUESPAWN\BLUESPAWN-client\external\pe-sieve\include\pe_sieve_api.h">
      <Filter>Header Files</Filter>
    </ClInclude>
    <ClInclude Include="C:\Users\Jack\source\repos\BLUESPAWN\BLUESPAWN-client\external\pe-sieve\color_scheme.h">
      <Filter>Header Files</Filter>
    </ClInclude>
  </ItemGroup>
  <ItemGroup>
    <CustomBuild Include="C:\Users\Jack\source\repos\BLUESPAWN\BLUESPAWN-client\external\pe-sieve\CMakeLists.txt" />
  </ItemGroup>
  <ItemGroup>
    <None Include="C:\Users\Jack\source\repos\BLUESPAWN\BLUESPAWN-client\external\pe-sieve\main.def">
      <Filter>Source Files</Filter>
    </None>
  </ItemGroup>
  <ItemGroup>
    <Filter Include="Header Files">
      <UniqueIdentifier>{6DF2EC36-8490-38FD-A45A-58774E7379E5}</UniqueIdentifier>
    </Filter>
    <Filter Include="Header Files\params_info">
      <UniqueIdentifier>{43D4B0CD-5EE2-3E74-869D-1054B4433A84}</UniqueIdentifier>
    </Filter>
    <Filter Include="Header Files\postprocessors">
      <UniqueIdentifier>{10286437-8C31-3C32-B85A-D3718FE4A92E}</UniqueIdentifier>
    </Filter>
    <Filter Include="Header Files\postprocessors\imp_rec">
      <UniqueIdentifier>{7D2111FA-35B3-3737-BEE4-67C3192182F3}</UniqueIdentifier>
    </Filter>
    <Filter Include="Header Files\scanners">
      <UniqueIdentifier>{5AEBAEBF-EF32-3A4B-9E3A-097BB7A9FF84}</UniqueIdentifier>
    </Filter>
    <Filter Include="Header Files\utils">
      <UniqueIdentifier>{E6558634-B962-3180-BFA1-92E345001753}</UniqueIdentifier>
    </Filter>
    <Filter Include="Source Files">
      <UniqueIdentifier>{2DC1DC65-284C-3292-9E9A-EF0708320A93}</UniqueIdentifier>
    </Filter>
    <Filter Include="Source Files\params_info">
      <UniqueIdentifier>{B6C14600-A57A-3CCD-9931-9C3F76FA094C}</UniqueIdentifier>
    </Filter>
    <Filter Include="Source Files\postprocessors">
      <UniqueIdentifier>{D3E9FF61-BDCA-3CD9-B821-A76D53745926}</UniqueIdentifier>
    </Filter>
    <Filter Include="Source Files\postprocessors\imp_rec">
      <UniqueIdentifier>{35B7FA3D-2984-39B5-A7E3-8DDBA8091D9E}</UniqueIdentifier>
    </Filter>
    <Filter Include="Source Files\scanners">
      <UniqueIdentifier>{5C88B6B8-CB13-3374-9EF4-74B246DDF289}</UniqueIdentifier>
    </Filter>
    <Filter Include="Source Files\utils">
      <UniqueIdentifier>{C7E0FA9F-74F3-3D96-8716-836502A67F14}</UniqueIdentifier>
    </Filter>
  </ItemGroup>
</Project>
